lockfile_version: '1'
generated_at: '2026-07-11T16:37:55.216242+00:00'
apm_version: 0.20.0
dependencies:
- repo_url: anthropics/claude-code
  host: github.com
  resolved_commit: b7339920b69f4a395c28727a1e2305dc5b122cb2
  resolved_ref: main
  virtual_path: plugins/frontend-design/skills/frontend-design
  is_virtual: true
  package_type: claude_skill
  deployed_files:
  - .claude/skills/frontend-design
  - .claude/skills/frontend-design/SKILL.md
  deployed_file_hashes:
    .claude/skills/frontend-design/SKILL.md: sha256:d39adf3a983de7dafc75991590d54f091755f7e4163d5a5ed085ecd719157184
  content_hash: sha256:e8118284a6365753790d44bb2758a6032b3af27fa84696428d9233f2be0f4e78
- repo_url: juspay/nix-chrome-devtools-mcp
  host: github.com
  resolved_commit: a202612693800c9d9ac9035ca0df80f2e92ded3b
  package_type: apm_package
  deployed_files:
  - .claude/skills/nix-chrome-devtools-mcp
  - .claude/skills/nix-chrome-devtools-mcp/SKILL.md
  - .claude/skills/nix-chrome-devtools-mcp/bin/serve
  deployed_file_hashes:
    .claude/skills/nix-chrome-devtools-mcp/SKILL.md: sha256:78f9b651b1c832b4db6fe6aa9d588c2a84521c2d9ab0f60432813c98352d3ce0
    .claude/skills/nix-chrome-devtools-mcp/bin/serve: sha256:d8988c3305ba7faf43293c911c47beb7df09b72ed00b324a58e73abe253820a8
  content_hash: sha256:51308bd8cc8b6ae24781a77b67a7c8140bdea5d793e35427e7b8fcbeb0662074
- repo_url: juspay/odu
  host: github.com
  resolved_commit: 2dc6be008b64f1c02e96a3798b05fc8114cb1c80
  package_type: apm_package
  deployed_files:
  - .claude/skills/ci
  - .claude/skills/ci/SKILL.md
  - .claude/skills/odu-mcp
  - .claude/skills/odu-mcp/SKILL.md
  - .claude/skills/odu-mcp/bin/serve
  deployed_file_hashes:
    .claude/skills/ci/SKILL.md: sha256:017232b5ec61da86ecc36babef51ff99477ccded0052f97d396825819b1461fb
    .claude/skills/odu-mcp/SKILL.md: sha256:25cd14d47aa082fb4061e793d3b74095eeb6749672356eea6b9acde9f9de6863
    .claude/skills/odu-mcp/bin/serve: sha256:6152e8fc4d3478b70a5cd547c172be596787e600b5757233fb82b307186b9e26
  content_hash: sha256:02caa03100102d54c6ff9a7e90a630d5f2e6bdde1127f06823f9cbf0f09d34d3
- repo_url: juspay/skills
  host: github.com
  resolved_commit: e5791cf388499456c8083a1667ecc1bd6c35fe2c
  virtual_path: skills/nix-for-dev
  is_virtual: true
  package_type: claude_skill
  deployed_files:
  - .claude/skills/nix-for-dev
  - .claude/skills/nix-for-dev/SKILL.md
  deployed_file_hashes:
    .claude/skills/nix-for-dev/SKILL.md: sha256:28267fd00f8961e5bbb960af1c9bce875ff03efb05d1dbeb56dc57b56614a169
  content_hash: sha256:222bee6d02ef727eff965ae224683604c59d387c3e4ce47582543a8550b86bc4
- repo_url: juspay/skills
  host: github.com
  resolved_commit: e5791cf388499456c8083a1667ecc1bd6c35fe2c
  virtual_path: skills/nix-justfile
  is_virtual: true
  package_type: claude_skill
  deployed_files:
  - .claude/skills/nix-justfile
  - .claude/skills/nix-justfile/SKILL.md
  deployed_file_hashes:
    .claude/skills/nix-justfile/SKILL.md: sha256:730345294a6536793ede474dc7f624faa83af6e97dbcbeb10fed1954a0d408fd
  content_hash: sha256:8f48e067e59da48c3ac90b4e2228ebb4ecfd988375b40efe831339d9a493accd
- repo_url: juspay/skills
  host: github.com
  resolved_commit: 77c6a360a04a5a3a099ab5fea004b6ea65be919b
  virtual_path: skills/nix-oss-cache
  is_virtual: true
  package_type: claude_skill
  deployed_files:
  - .claude/skills/nix-oss-cache
  - .claude/skills/nix-oss-cache/SKILL.md
  deployed_file_hashes:
    .claude/skills/nix-oss-cache/SKILL.md: sha256:bd5b9e9f646612337932b3bc2bffe0b7576dd96e8dc60741cd08b36ba728a393
  content_hash: sha256:d11c43caf068a63ac55a04307b4f1d5c61d47d080170db956fbdb5dd1ca7d198
- repo_url: srid/agency
  host: github.com
  resolved_commit: d274039c47ee8d0cc13e9d42d1bbf61e5f5b706f
  resolved_ref: master
  package_type: apm_package
  deployed_files:
  - .claude/agents/hickey.md
  - .claude/agents/lowy.md
  - .claude/hooks/agency/scripts/do-stop-guard.sh
  - .claude/rules/apm-sources.md
  - .claude/skills/code-police
  - .claude/skills/code-police/SKILL.md
  - .claude/skills/do
  - .claude/skills/do/SKILL.md
  - .claude/skills/do/scripts/do-results
  - .claude/skills/do/scripts/steps/done
  - .claude/skills/do/scripts/steps/sync
  - .claude/skills/elegance
  - .claude/skills/elegance/SKILL.md
  - .claude/skills/fact-check
  - .claude/skills/fact-check/SKILL.md
  - .claude/skills/forge-pr
  - .claude/skills/forge-pr/SKILL.md
  - .claude/skills/hickey
  - .claude/skills/hickey/SKILL.md
  - .claude/skills/hickey/transcript.md
  - .claude/skills/lowy
  - .claude/skills/lowy/SKILL.md
  - .claude/skills/ralph
  - .claude/skills/ralph/SKILL.md
  - .claude/skills/talk
  - .claude/skills/talk/SKILL.md
  deployed_file_hashes:
    .claude/agents/hickey.md: sha256:10d9a4350a85752dc6658af8e0efb3d8be41803a2b6c73464e3d5b7a840435ad
    .claude/agents/lowy.md: sha256:05aff7f6a91149a42c1fb9a3ca382a6f77bc39ac8a8d45436d443dd3349fb11e
    .claude/hooks/agency/scripts/do-stop-guard.sh: sha256:cb033f86c15ffd3d09d8e4b74a61f55a70def4cc4131cc013b7368a2d23f3f33
    .claude/rules/apm-sources.md: sha256:0d34f182279b93803855bd7f7b27a57e7cf3117ce4291d31a46294c629ee75d5
    .claude/skills/code-police/SKILL.md: sha256:5a9f4ec8c2c2c44aaf7305561ee44884fbf551d45b27f94373eec49a18e5ad1f
    .claude/skills/do/SKILL.md: sha256:d3c384a216c2c6f27506c65d6b2070617048577d3b5260195640fe5886913627
    .claude/skills/do/scripts/do-results: sha256:2684dfce9cc7e4314d56c39edd5495628ac65d0631860e27e11f17fdcc0c7d49
    .claude/skills/do/scripts/steps/done: sha256:03513d90bea1357eef3379c5b4fee5e46fe2d67b41fe8cf8b52d4beba4c73c72
    .claude/skills/do/scripts/steps/sync: sha256:88fc95c548b183b766df02285038bf12d43fd06ae32b9a15f57dd741d9c83466
    .claude/skills/elegance/SKILL.md: sha256:f330bf7e37034587f717e3a3d6453bd04ba80522fd9bdf8921a7140c7d5d3a3c
    .claude/skills/fact-check/SKILL.md: sha256:6c4280ef618d27c278fc34365d336b1f889afb5b92f06ef6199fafe5a11304c0
    .claude/skills/forge-pr/SKILL.md: sha256:78c66fbcb5146dbd83d856540eb810978fd9236e2d66cb4ebf14a2a012b9cda6
    .claude/skills/hickey/SKILL.md: sha256:6eccc8ef4a2368c8ca898abde4b8a94451b844bb9cc082767a718fa2796c29ef
    .claude/skills/hickey/transcript.md: sha256:c7da3fda455cc17adc5788984954baf95a354f2e83367bff0efd1b01f45a96a3
    .claude/skills/lowy/SKILL.md: sha256:082aa643189b3b31fa90fb185a01239cfb5e437cdd7b1afb122de1e533ac48eb
    .claude/skills/ralph/SKILL.md: sha256:1b2c547102584c87384b90b291536bedc0494dcb8382ac776bd0a3cec0fe1b4a
    .claude/skills/talk/SKILL.md: sha256:ba059751cd4b3c1c52221554719bfe1fc5da56540694cb8e793ae0c19e210377
  content_hash: sha256:5a4a4d50e6298dc5015412eb1000e8c233cf6d872cc27b902b07979c466127b2
mcp_servers:
- chrome-devtools
- odu
mcp_configs:
  chrome-devtools:
    name: chrome-devtools
    transport: stdio
    registry: false
    command: .agents/skills/nix-chrome-devtools-mcp/bin/serve
  odu:
    name: odu
    transport: stdio
    registry: false
    command: .agents/skills/odu-mcp/bin/serve
