{
  "lockfileVersion": 1,
  "configVersion": 1,
  "workspaces": {
    "": {
      "name": "drishti-agent-workspace",
    },
    "packages/agent": {
      "name": "drishti-agent",
      "version": "0.1.0",
      "dependencies": {
        "@orpc/client": "^1.13.13",
        "@orpc/server": "^1.13.13",
        "@preact/signals-core": "^1.8.0",
        "drishti-common": "workspace:*",
        "zod": "^4.3.6",
      },
    },
    "packages/common": {
      "name": "drishti-common",
      "version": "0.1.0",
      "dependencies": {
        "@orpc/contract": "^1.13.13",
        "zod": "^4.3.6",
      },
    },
  },
  "overrides": {
    "@babel/helper-module-imports": "^7.29.7",
  },
  "packages": {
    "@orpc/client": ["@orpc/client@1.14.13", "", { "dependencies": { "@orpc/shared": "1.14.13", "@orpc/standard-server": "1.14.13", "@orpc/standard-server-fetch": "1.14.13", "@orpc/standard-server-peer": "1.14.13" } }, "sha512-IQoNxUHYlUfxejjAHFzH+KppwYm4sqJXdbL3143Up9yfOaP+onCpLpHfg2cXZB7NUDLXx7MLC40g96p997ZyNQ=="],

    "@orpc/contract": ["@orpc/contract@1.14.13", "", { "dependencies": { "@orpc/client": "1.14.13", "@orpc/shared": "1.14.13", "@standard-schema/spec": "^1.1.0", "openapi-types": "^12.1.3" } }, "sha512-VFQWUq62MTp1CB/cmEugUIJygxKj5lZSqF7SWbws7AGgeuUz77d5003pHqfGW3SR/Lj06Fg+xZdd9MlMoyweEw=="],

    "@orpc/interop": ["@orpc/interop@1.14.13", "", {}, "sha512-5fw58f9xK6thcMMXX8aG3LFzKsfObZwHTyrt7/8jDIKHWUFalqIhs5kuEICmx7D+PbEWnlcdFt31oxN1vkSGFw=="],

    "@orpc/server": ["@orpc/server@1.14.13", "", { "dependencies": { "@orpc/client": "1.14.13", "@orpc/contract": "1.14.13", "@orpc/interop": "1.14.13", "@orpc/shared": "1.14.13", "@orpc/standard-server": "1.14.13", "@orpc/standard-server-aws-lambda": "1.14.13", "@orpc/standard-server-fastify": "1.14.13", "@orpc/standard-server-fetch": "1.14.13", "@orpc/standard-server-node": "1.14.13", "@orpc/standard-server-peer": "1.14.13", "cookie": "^1.1.1" }, "peerDependencies": { "crossws": ">=0.3.4", "ws": ">=8.18.1" }, "optionalPeers": ["crossws", "ws"] }, "sha512-4By45qm9Rzm/aWxJ7FZ3VKRFgbgNe2AzWqKrZOaQGl3wF/+nva58Srh3wWeHN1jqqEVE3Sz533IASkaUtfozMQ=="],

    "@orpc/shared": ["@orpc/shared@1.14.13", "", { "dependencies": { "radash": "^12.1.1", "type-fest": "^5.4.4" }, "peerDependencies": { "@opentelemetry/api": ">=1.9.0" }, "optionalPeers": ["@opentelemetry/api"] }, "sha512-RFOHhGHsIQkkGUHXQPqxdvKAuFWyk2c7KQPrf0ln1yC0TrC1Y/25XE1kql1McQmlBRegTlyeXYSTeQtEeFBq4g=="],

    "@orpc/standard-server": ["@orpc/standard-server@1.14.13", "", { "dependencies": { "@orpc/shared": "1.14.13" } }, "sha512-7PrIuiYw1GB9mJwbO7ukc7WxeIqO1xulDdshkpd5DhalGRdIaaI4OVvE0Mt8biC9niGSoQSzCavD/PDwutgbzA=="],

    "@orpc/standard-server-aws-lambda": ["@orpc/standard-server-aws-lambda@1.14.13", "", { "dependencies": { "@orpc/shared": "1.14.13", "@orpc/standard-server": "1.14.13", "@orpc/standard-server-fetch": "1.14.13", "@orpc/standard-server-node": "1.14.13" } }, "sha512-6ucBCwlBZptVhWjFnLgeakrvUwVOr6M22LX+S6pYolEv2gfi173szvgxX5Cyz+1VAtGvIWLQ3P6/KYjq6IVQLw=="],

    "@orpc/standard-server-fastify": ["@orpc/standard-server-fastify@1.14.13", "", { "dependencies": { "@orpc/shared": "1.14.13", "@orpc/standard-server": "1.14.13", "@orpc/standard-server-node": "1.14.13" }, "peerDependencies": { "fastify": ">=5.6.1" }, "optionalPeers": ["fastify"] }, "sha512-Cc++msIipb/3ee1q2ywzmHHirBUSiqZhJti4wwijK8ktnUXUR8bUVZ1v+6bXY38bKTIoT0bvY4D6bYarHCizuw=="],

    "@orpc/standard-server-fetch": ["@orpc/standard-server-fetch@1.14.13", "", { "dependencies": { "@orpc/shared": "1.14.13", "@orpc/standard-server": "1.14.13" } }, "sha512-HREtKHD9WcDY81yUUEJXd3GLR+GlOd7sZryLkKo1p2NzhKwVgh/w7AmejY1DjWhND7eW9C6a3pkCsxM5ozcsEg=="],

    "@orpc/standard-server-node": ["@orpc/standard-server-node@1.14.13", "", { "dependencies": { "@orpc/shared": "1.14.13", "@orpc/standard-server": "1.14.13", "@orpc/standard-server-fetch": "1.14.13" } }, "sha512-yQbqgW5ybdqLxKZA/tuaaRh1VfBPo8cn+HUotzwpAmoS8N1kAzkKktfs4TX28V/K+1Bkfrz4KyLpycmAtM8dyA=="],

    "@orpc/standard-server-peer": ["@orpc/standard-server-peer@1.14.13", "", { "dependencies": { "@orpc/shared": "1.14.13", "@orpc/standard-server": "1.14.13" } }, "sha512-RzPRDg4mccgWePhK9yTijeqxir0QNEeCdAzVkPuTlfsI1AlAnjTDcc0T4mpROSSEJqJhPZ2TDBqXw5zhLS5liw=="],

    "@preact/signals-core": ["@preact/signals-core@1.14.4", "", {}, "sha512-HNB6HYeYKhQbJ1aKl+YRjrS4+QWHLKX6qKoUsfS/m0vqzsVaEBiZiaKbG/e+NKk2ch5ALQr/ihWaMHxiCuuWHA=="],

    "@standard-schema/spec": ["@standard-schema/spec@1.1.0", "", {}, "sha512-l2aFy5jALhniG5HgqrD6jXLi/rUWrKvqN/qJx6yoJsgKhblVd+iqqU4RCXavm/jPityDo5TCvKMnpjKnOriy0w=="],

    "cookie": ["cookie@1.1.1", "", {}, "sha512-ei8Aos7ja0weRpFzJnEA9UHJ/7XQmqglbRwnf2ATjcB9Wq874VKH9kfjjirM6UhU2/E5fFYadylyhFldcqSidQ=="],

    "drishti-agent": ["drishti-agent@workspace:packages/agent"],

    "drishti-common": ["drishti-common@workspace:packages/common"],

    "openapi-types": ["openapi-types@12.1.3", "", {}, "sha512-N4YtSYJqghVu4iek2ZUvcN/0aqH1kRDuNqzcycDxhOUpg7GdvLa2F3DgS6yBNhInhv2r/6I0Flkn7CqL8+nIcw=="],

    "radash": ["radash@12.1.1", "", {}, "sha512-h36JMxKRqrAxVD8201FrCpyeNuUY9Y5zZwujr20fFO77tpUtGa6EZzfKw/3WaiBX95fq7+MpsuMLNdSnORAwSA=="],

    "tagged-tag": ["tagged-tag@1.0.0", "", {}, "sha512-yEFYrVhod+hdNyx7g5Bnkkb0G6si8HJurOoOEgC8B/O0uXLHlaey/65KRv6cuWBNhBgHKAROVpc7QyYqE5gFng=="],

    "type-fest": ["type-fest@5.8.0", "", { "dependencies": { "tagged-tag": "^1.0.0" } }, "sha512-YGYEVz3Fm5iy/AybuA0oyNFq7H4CgQNfRp/qfe8nurE1kuCeNm3/vfm9X4Mtl+qLyaKJUh5xrFZwogr41SMjYA=="],

    "zod": ["zod@4.4.3", "", {}, "sha512-ytENFjIJFl2UwYglde2jchW2Hwm4GJFLDiSXWdTrJQBIN9Fcyp7n4DhxJEiWNAJMV1/BqWfW/kkg71UDcHJyTQ=="],
  }
}
